{
    "version": 3,
    "terraform_version": "0.11.13",
    "serial": 6,
    "lineage": "b401e9d6-19a8-87b1-d159-5f62e39269cd",
    "modules": [
        {
            "path": [
                "root"
            ],
            "outputs": {
                "config_map_aws_auth": {
                    "sensitive": false,
                    "type": "string",
                    "value": "\n\napiVersion: v1\nkind: ConfigMap\nmetadata:\n  name: aws-auth\n  namespace: kube-system\ndata:\n  mapRoles: |\n    - rolearn: arn:aws:iam::097265196013:role/terraform-eks-swarm-node\n      username: system:node:{{EC2PrivateDNSName}}\n      groups:\n        - system:bootstrappers\n        - system:nodes\n"
                },
                "kubeconfig": {
                    "sensitive": false,
                    "type": "string",
                    "value": "\n\napiVersion: v1\nclusters:\n- cluster:\n    server: https://D087B5EE32C91903873F946C0155CB12.gr7.us-east-1.eks.amazonaws.com\n    certificate-authority-data: LS0tLS1CRUdJTiBDRVJUSUZJQ0FURS0tLS0tCk1JSUN5RENDQWJDZ0F3SUJBZ0lCQURBTkJna3Foa2lHOXcwQkFRc0ZBREFWTVJNd0VRWURWUVFERXdwcmRXSmwKY201bGRHVnpNQjRYRFRFNU1EVXdPVEU0TVRBd05sb1hEVEk1TURVd05qRTRNVEF3Tmxvd0ZURVRNQkVHQTFVRQpBeE1LYTNWaVpYSnVaWFJsY3pDQ0FTSXdEUVlKS29aSWh2Y05BUUVCQlFBRGdnRVBBRENDQVFvQ2dnRUJBTzdKClBVMDBxNjFpbWtGRUVJNDZlVk43QlV6NzduV3Z6TE1sVEVhQlZ1TzdFempCeHdHT0lTemJ0L3FBVEh2a3NVa1EKZnhCMGVxSmhaNXhMbzBuNDNBSFczZmNVN0lFYytQbGtpQ0RET0pKNWVRZFgzMi9KRkw1dk00UUozajdiODVTcAozdkJUWTQ4Ymw5cndmRU5Eek82ai9XVmlHalNFN2RIak55NDNnNkR1ZzBxN0t6ZytQcXFOSUtEMWxnaWFUY3JNCkFncHN4cXFQTW8zaHkvb2Z1bUdRYkM2Z2tCSGRaanFyNk1FS2djditwQ2J6RjV6cnRnSytIeTNqZHFQVmxqWC8KbVltZEJnaE8wZm9OS2lpNThjYStvdUVDTit2SjVEYnlMaHlVZ1dmYjQ1RThjSXhCK1dNOVdHcncrL2dyY0c4NQp4S1RJazVKcFBwZnBZYjM3VitrQ0F3RUFBYU1qTUNFd0RnWURWUjBQQVFIL0JBUURBZ0trTUE4R0ExVWRFd0VCCi93UUZNQU1CQWY4d0RRWUpLb1pJaHZjTkFRRUxCUUFEZ2dFQkFFMEhKVzdoY2FVWjhSN2ZkV09MY1JxeEZIQk4KRnIzV2RmVlpheDNMbW9jL3ZkYUduM0dsRWMxNFNJZ1NuK1VLcWhwb3JHRGFSaDJaTTZLaUppRzdoQ2NzRmdhQwpIM09BQ285bnREWXNlYW4wVmxhS0ZEMFhDT0JvVmloeHdFSGd5MC9OV2U4UUMyOGZJdll6QzZuMkFlbTVUTUhHCnFQVENrSmRMRGcrc2xBTWhieVR2Um1tR1AzRHN5UnJVTFRqQlE1aW9iOVpDRWcvVGMyeXBPN3BWaFJBN1dzTVcKRU5JTG10b3grQzJocFlkMXpNeVIrcUZ1QmlkNHltYzF1U25Qa05Rb3E3UXJ6UDBsT3FpY0JiNmFPcSs0SFZ0TApiblRWd1cxcTJOODJUREYvdXFWbXVwVExpQlhBUjY4Ukp1RVNNRDUwSjdMVGU3aC8ybGQvS1RkdVJTZz0KLS0tLS1FTkQgQ0VSVElGSUNBVEUtLS0tLQo=\n  name: kubernetes\ncontexts:\n- context:\n    cluster: kubernetes\n    user: aws\n  name: aws\ncurrent-context: aws\nkind: Config\npreferences: {}\nusers:\n- name: aws\n  user:\n    exec:\n      apiVersion: client.authentication.k8s.io/v1alpha1\n      command: aws-iam-authenticator\n      args:\n        - \"token\"\n        - \"-i\"\n        - \"terraform-eks-swarm\"\n"
                }
            },
            "resources": {
                "aws_autoscaling_group.swarm": {
                    "type": "aws_autoscaling_group",
                    "depends_on": [
                        "aws_launch_configuration.swarm",
                        "aws_subnet.swarm.*"
                    ],
                    "primary": {
                        "id": "terraform-eks-swarm",
                        "attributes": {
                            "arn": "arn:aws:autoscaling:us-east-1:097265196013:autoScalingGroup:a723fd70-6c7f-4609-873f-8213d6625a3b:autoScalingGroupName/terraform-eks-swarm",
                            "availability_zones.#": "2",
                            "availability_zones.1305112097": "us-east-1b",
                            "availability_zones.3569565595": "us-east-1a",
                            "default_cooldown": "300",
                            "desired_capacity": "2",
                            "enabled_metrics.#": "0",
                            "force_delete": "false",
                            "health_check_grace_period": "300",
                            "health_check_type": "EC2",
                            "id": "terraform-eks-swarm",
                            "launch_configuration": "terraform-eks-swarm20190509181239383500000001",
                            "launch_template.#": "0",
                            "load_balancers.#": "0",
                            "max_size": "2",
                            "metrics_granularity": "1Minute",
                            "min_size": "1",
                            "mixed_instances_policy.#": "0",
                            "name": "terraform-eks-swarm",
                            "placement_group": "",
                            "protect_from_scale_in": "false",
                            "service_linked_role_arn": "arn:aws:iam::097265196013:role/aws-service-role/autoscaling.amazonaws.com/AWSServiceRoleForAutoScaling",
                            "suspended_processes.#": "0",
                            "tag.#": "2",
                            "tag.3359750466.key": "kubernetes.io/cluster/terraform-eks-swarm",
                            "tag.3359750466.propagate_at_launch": "true",
                            "tag.3359750466.value": "owned",
                            "tag.833396554.key": "Name",
                            "tag.833396554.propagate_at_launch": "true",
                            "tag.833396554.value": "terraform-eks-swarm",
                            "target_group_arns.#": "0",
                            "termination_policies.#": "0",
                            "vpc_zone_identifier.#": "2",
                            "vpc_zone_identifier.3876992830": "subnet-0c3ad056354aaac41",
                            "vpc_zone_identifier.3912948163": "subnet-003efc2f4a91d83ba",
                            "wait_for_capacity_timeout": "10m"
                        },
                        "meta": {
                            "e2bfb730-ecaa-11e6-8f88-34363bc7c4c0": {
                                "delete": 600000000000
                            }
                        },
                        "tainted": false
                    },
                    "deposed": [],
                    "provider": "provider.aws"
                },
                "aws_eks_cluster.swarm": {
                    "type": "aws_eks_cluster",
                    "depends_on": [
                        "aws_iam_role.swarm-cluster",
                        "aws_iam_role_policy_attachment.swarm-cluster-AmazonEKSClusterPolicy",
                        "aws_iam_role_policy_attachment.swarm-cluster-AmazonEKSServicePolicy",
                        "aws_security_group.swarm-cluster",
                        "aws_subnet.swarm.*"
                    ],
                    "primary": {
                        "id": "terraform-eks-swarm",
                        "attributes": {
                            "arn": "arn:aws:eks:us-east-1:097265196013:cluster/terraform-eks-swarm",
                            "certificate_authority.#": "1",
                            "certificate_authority.0.data": "LS0tLS1CRUdJTiBDRVJUSUZJQ0FURS0tLS0tCk1JSUN5RENDQWJDZ0F3SUJBZ0lCQURBTkJna3Foa2lHOXcwQkFRc0ZBREFWTVJNd0VRWURWUVFERXdwcmRXSmwKY201bGRHVnpNQjRYRFRFNU1EVXdPVEU0TVRBd05sb1hEVEk1TURVd05qRTRNVEF3Tmxvd0ZURVRNQkVHQTFVRQpBeE1LYTNWaVpYSnVaWFJsY3pDQ0FTSXdEUVlKS29aSWh2Y05BUUVCQlFBRGdnRVBBRENDQVFvQ2dnRUJBTzdKClBVMDBxNjFpbWtGRUVJNDZlVk43QlV6NzduV3Z6TE1sVEVhQlZ1TzdFempCeHdHT0lTemJ0L3FBVEh2a3NVa1EKZnhCMGVxSmhaNXhMbzBuNDNBSFczZmNVN0lFYytQbGtpQ0RET0pKNWVRZFgzMi9KRkw1dk00UUozajdiODVTcAozdkJUWTQ4Ymw5cndmRU5Eek82ai9XVmlHalNFN2RIak55NDNnNkR1ZzBxN0t6ZytQcXFOSUtEMWxnaWFUY3JNCkFncHN4cXFQTW8zaHkvb2Z1bUdRYkM2Z2tCSGRaanFyNk1FS2djditwQ2J6RjV6cnRnSytIeTNqZHFQVmxqWC8KbVltZEJnaE8wZm9OS2lpNThjYStvdUVDTit2SjVEYnlMaHlVZ1dmYjQ1RThjSXhCK1dNOVdHcncrL2dyY0c4NQp4S1RJazVKcFBwZnBZYjM3VitrQ0F3RUFBYU1qTUNFd0RnWURWUjBQQVFIL0JBUURBZ0trTUE4R0ExVWRFd0VCCi93UUZNQU1CQWY4d0RRWUpLb1pJaHZjTkFRRUxCUUFEZ2dFQkFFMEhKVzdoY2FVWjhSN2ZkV09MY1JxeEZIQk4KRnIzV2RmVlpheDNMbW9jL3ZkYUduM0dsRWMxNFNJZ1NuK1VLcWhwb3JHRGFSaDJaTTZLaUppRzdoQ2NzRmdhQwpIM09BQ285bnREWXNlYW4wVmxhS0ZEMFhDT0JvVmloeHdFSGd5MC9OV2U4UUMyOGZJdll6QzZuMkFlbTVUTUhHCnFQVENrSmRMRGcrc2xBTWhieVR2Um1tR1AzRHN5UnJVTFRqQlE1aW9iOVpDRWcvVGMyeXBPN3BWaFJBN1dzTVcKRU5JTG10b3grQzJocFlkMXpNeVIrcUZ1QmlkNHltYzF1U25Qa05Rb3E3UXJ6UDBsT3FpY0JiNmFPcSs0SFZ0TApiblRWd1cxcTJOODJUREYvdXFWbXVwVExpQlhBUjY4Ukp1RVNNRDUwSjdMVGU3aC8ybGQvS1RkdVJTZz0KLS0tLS1FTkQgQ0VSVElGSUNBVEUtLS0tLQo=",
                            "created_at": "2019-05-09 18:01:52 +0000 UTC",
                            "enabled_cluster_log_types.#": "0",
                            "endpoint": "https://D087B5EE32C91903873F946C0155CB12.gr7.us-east-1.eks.amazonaws.com",
                            "id": "terraform-eks-swarm",
                            "name": "terraform-eks-swarm",
                            "platform_version": "eks.1",
                            "role_arn": "arn:aws:iam::097265196013:role/terraform-eks-swarm-cluster",
                            "version": "1.12",
                            "vpc_config.#": "1",
                            "vpc_config.0.endpoint_private_access": "false",
                            "vpc_config.0.endpoint_public_access": "true",
                            "vpc_config.0.security_group_ids.#": "1",
                            "vpc_config.0.security_group_ids.2501379748": "sg-034a697a71bac436e",
                            "vpc_config.0.subnet_ids.#": "2",
                            "vpc_config.0.subnet_ids.1636675450": "subnet-003efc2f4a91d83ba",
                            "vpc_config.0.subnet_ids.2727284021": "subnet-0c3ad056354aaac41",
                            "vpc_config.0.vpc_id": "vpc-0fb044c7e242d14bd"
                        },
                        "meta": {
                            "e2bfb730-ecaa-11e6-8f88-34363bc7c4c0": {
                                "create": 900000000000,
                                "delete": 900000000000,
                                "update": 3600000000000
                            }
                        },
                        "tainted": false
                    },
                    "deposed": [],
                    "provider": "provider.aws"
                },
                "aws_iam_instance_profile.swarm-node": {
                    "type": "aws_iam_instance_profile",
                    "depends_on": [
                        "aws_iam_role.swarm-node"
                    ],
                    "primary": {
                        "id": "terraform-eks-swarm",
                        "attributes": {
                            "arn": "arn:aws:iam::097265196013:instance-profile/terraform-eks-swarm",
                            "create_date": "2019-05-09T17:51:10Z",
                            "id": "terraform-eks-swarm",
                            "name": "terraform-eks-swarm",
                            "path": "/",
                            "role": "terraform-eks-swarm-node",
                            "roles.#": "1",
                            "roles.2575628046": "terraform-eks-swarm-node",
                            "unique_id": "AIPARNJLVDPWWK5QFI5XM"
                        },
                        "meta": {},
                        "tainted": false
                    },
                    "deposed": [],
                    "provider": "provider.aws"
                },
                "aws_iam_role.swarm-cluster": {
                    "type": "aws_iam_role",
                    "depends_on": [],
                    "primary": {
                        "id": "terraform-eks-swarm-cluster",
                        "attributes": {
                            "arn": "arn:aws:iam::097265196013:role/terraform-eks-swarm-cluster",
                            "assume_role_policy": "{\"Version\":\"2012-10-17\",\"Statement\":[{\"Effect\":\"Allow\",\"Principal\":{\"Service\":\"eks.amazonaws.com\"},\"Action\":\"sts:AssumeRole\"}]}",
                            "create_date": "2019-05-09T17:51:09Z",
                            "description": "",
                            "force_detach_policies": "false",
                            "id": "terraform-eks-swarm-cluster",
                            "max_session_duration": "3600",
                            "name": "terraform-eks-swarm-cluster",
                            "path": "/",
                            "tags.%": "0",
                            "unique_id": "AROARNJLVDPW6GCFRERDQ"
                        },
                        "meta": {},
                        "tainted": false
                    },
                    "deposed": [],
                    "provider": "provider.aws"
                },
                "aws_iam_role.swarm-node": {
                    "type": "aws_iam_role",
                    "depends_on": [],
                    "primary": {
                        "id": "terraform-eks-swarm-node",
                        "attributes": {
                            "arn": "arn:aws:iam::097265196013:role/terraform-eks-swarm-node",
                            "assume_role_policy": "{\"Version\":\"2012-10-17\",\"Statement\":[{\"Effect\":\"Allow\",\"Principal\":{\"Service\":\"ec2.amazonaws.com\"},\"Action\":\"sts:AssumeRole\"}]}",
                            "create_date": "2019-05-09T17:51:09Z",
                            "description": "",
                            "force_detach_policies": "false",
                            "id": "terraform-eks-swarm-node",
                            "max_session_duration": "3600",
                            "name": "terraform-eks-swarm-node",
                            "path": "/",
                            "tags.%": "0",
                            "unique_id": "AROARNJLVDPW5GW77YHXD"
                        },
                        "meta": {},
                        "tainted": false
                    },
                    "deposed": [],
                    "provider": "provider.aws"
                },
                "aws_iam_role_policy_attachment.swarm-cluster-AmazonEKSClusterPolicy": {
                    "type": "aws_iam_role_policy_attachment",
                    "depends_on": [
                        "aws_iam_role.swarm-cluster"
                    ],
                    "primary": {
                        "id": "terraform-eks-swarm-cluster-20190509175110441400000002",
                        "attributes": {
                            "id": "terraform-eks-swarm-cluster-20190509175110441400000002",
                            "policy_arn": "arn:aws:iam::aws:policy/AmazonEKSClusterPolicy",
                            "role": "terraform-eks-swarm-cluster"
                        },
                        "meta": {},
                        "tainted": false
                    },
                    "deposed": [],
                    "provider": "provider.aws"
                },
                "aws_iam_role_policy_attachment.swarm-cluster-AmazonEKSServicePolicy": {
                    "type": "aws_iam_role_policy_attachment",
                    "depends_on": [
                        "aws_iam_role.swarm-cluster"
                    ],
                    "primary": {
                        "id": "terraform-eks-swarm-cluster-20190509175110441400000001",
                        "attributes": {
                            "id": "terraform-eks-swarm-cluster-20190509175110441400000001",
                            "policy_arn": "arn:aws:iam::aws:policy/AmazonEKSServicePolicy",
                            "role": "terraform-eks-swarm-cluster"
                        },
                        "meta": {},
                        "tainted": false
                    },
                    "deposed": [],
                    "provider": "provider.aws"
                },
                "aws_iam_role_policy_attachment.swarm-node-AmazonEC2ContainerRegistryReadOnly": {
                    "type": "aws_iam_role_policy_attachment",
                    "depends_on": [
                        "aws_iam_role.swarm-node"
                    ],
                    "primary": {
                        "id": "terraform-eks-swarm-node-20190509175110446600000003",
                        "attributes": {
                            "id": "terraform-eks-swarm-node-20190509175110446600000003",
                            "policy_arn": "arn:aws:iam::aws:policy/AmazonEC2ContainerRegistryReadOnly",
                            "role": "terraform-eks-swarm-node"
                        },
                        "meta": {},
                        "tainted": false
                    },
                    "deposed": [],
                    "provider": "provider.aws"
                },
                "aws_iam_role_policy_attachment.swarm-node-AmazonEKSWorkerNodePolicy": {
                    "type": "aws_iam_role_policy_attachment",
                    "depends_on": [
                        "aws_iam_role.swarm-node"
                    ],
                    "primary": {
                        "id": "terraform-eks-swarm-node-20190509175110488600000004",
                        "attributes": {
                            "id": "terraform-eks-swarm-node-20190509175110488600000004",
                            "policy_arn": "arn:aws:iam::aws:policy/AmazonEKSWorkerNodePolicy",
                            "role": "terraform-eks-swarm-node"
                        },
                        "meta": {},
                        "tainted": false
                    },
                    "deposed": [],
                    "provider": "provider.aws"
                },
                "aws_iam_role_policy_attachment.swarm-node-AmazonEKS_CNI_Policy": {
                    "type": "aws_iam_role_policy_attachment",
                    "depends_on": [
                        "aws_iam_role.swarm-node"
                    ],
                    "primary": {
                        "id": "terraform-eks-swarm-node-20190509175110488600000005",
                        "attributes": {
                            "id": "terraform-eks-swarm-node-20190509175110488600000005",
                            "policy_arn": "arn:aws:iam::aws:policy/AmazonEKS_CNI_Policy",
                            "role": "terraform-eks-swarm-node"
                        },
                        "meta": {},
                        "tainted": false
                    },
                    "deposed": [],
                    "provider": "provider.aws"
                },
                "aws_internet_gateway.swarm": {
                    "type": "aws_internet_gateway",
                    "depends_on": [
                        "aws_vpc.swarm"
                    ],
                    "primary": {
                        "id": "igw-0d7f7e15f2cb399ee",
                        "attributes": {
                            "id": "igw-0d7f7e15f2cb399ee",
                            "owner_id": "097265196013",
                            "tags.%": "1",
                            "tags.Name": "terraform-eks-swarm",
                            "vpc_id": "vpc-0fb044c7e242d14bd"
                        },
                        "meta": {},
                        "tainted": false
                    },
                    "deposed": [],
                    "provider": "provider.aws"
                },
                "aws_launch_configuration.swarm": {
                    "type": "aws_launch_configuration",
                    "depends_on": [
                        "aws_iam_instance_profile.swarm-node",
                        "aws_security_group.swarm-node",
                        "data.aws_ami.eks-worker",
                        "local.swarm-node-userdata"
                    ],
                    "primary": {
                        "id": "terraform-eks-swarm20190509181239383500000001",
                        "attributes": {
                            "associate_public_ip_address": "true",
                            "ebs_block_device.#": "0",
                            "ebs_optimized": "false",
                            "enable_monitoring": "true",
                            "ephemeral_block_device.#": "0",
                            "iam_instance_profile": "terraform-eks-swarm",
                            "id": "terraform-eks-swarm20190509181239383500000001",
                            "image_id": "ami-0abcb9f9190e867ab",
                            "instance_type": "m4.large",
                            "key_name": "",
                            "name": "terraform-eks-swarm20190509181239383500000001",
                            "name_prefix": "terraform-eks-swarm",
                            "root_block_device.#": "0",
                            "security_groups.#": "1",
                            "security_groups.2206401928": "sg-0a64d48c2a016f21d",
                            "spot_price": "",
                            "user_data_base64": "IyEvYmluL2Jhc2gKc2V0IC1vIHh0cmFjZQovZXRjL2Vrcy9ib290c3RyYXAuc2ggLS1hcGlzZXJ2ZXItZW5kcG9pbnQgJ2h0dHBzOi8vRDA4N0I1RUUzMkM5MTkwMzg3M0Y5NDZDMDE1NUNCMTIuZ3I3LnVzLWVhc3QtMS5la3MuYW1hem9uYXdzLmNvbScgLS1iNjQtY2x1c3Rlci1jYSAnTFMwdExTMUNSVWRKVGlCRFJWSlVTVVpKUTBGVVJTMHRMUzB0Q2sxSlNVTjVSRU5EUVdKRFowRjNTVUpCWjBsQ1FVUkJUa0puYTNGb2EybEhPWGN3UWtGUmMwWkJSRUZXVFZKTmQwVlJXVVJXVVZGRVJYZHdjbVJYU213S1kyMDFiR1JIVm5wTlFqUllSRlJGTlUxRVZYZFBWRVUwVFZSQmQwNXNiMWhFVkVrMVRVUlZkMDVxUlRSTlZFRjNUbXh2ZDBaVVJWUk5Ra1ZIUVRGVlJRcEJlRTFMWVROV2FWcFlTblZhV0ZKc1kzcERRMEZUU1hkRVVWbEtTMjlhU1doMlkwNUJVVVZDUWxGQlJHZG5SVkJCUkVORFFWRnZRMmRuUlVKQlR6ZEtDbEJWTURCeE5qRnBiV3RHUlVWSk5EWmxWazQzUWxWNk56ZHVWM1o2VEUxc1ZFVmhRbFoxVHpkRmVtcENlSGRIVDBsVGVtSjBMM0ZCVkVoMmEzTlZhMUVLWm5oQ01HVnhTbWhhTlhoTWJ6QnVORE5CU0ZjelptTlZOMGxGWXl0UWJHdHBRMFJFVDBwS05XVlJaRmd6TWk5S1JrdzFkazAwVVVvemFqZGlPRFZUY0FvemRrSlVXVFE0WW13NWNuZG1SVTVFZWs4MmFpOVhWbWxIYWxORk4yUklhazU1TkRObk5rUjFaekJ4TjB0Nlp5dFFjWEZPU1V0RU1XeG5hV0ZVWTNKTkNrRm5jSE40Y1hGUVRXOHphSGt2YjJaMWJVZFJZa00yWjJ0Q1NHUmFhbkZ5TmsxRlMyZGpkaXR3UTJKNlJqVjZjblJuU3l0SWVUTnFaSEZRVm14cVdDOEtiVmx0WkVKbmFFOHdabTlPUzJscE5UaGpZU3R2ZFVWRFRpdDJTalZFWW5sTWFIbFZaMWRtWWpRMVJUaGpTWGhDSzFkTk9WZEhjbmNyTDJkeVkwYzROUXA0UzFSSmF6VktjRkJ3Wm5CWllqTTNWaXRyUTBGM1JVRkJZVTFxVFVORmQwUm5XVVJXVWpCUVFWRklMMEpCVVVSQlowdHJUVUU0UjBFeFZXUkZkMFZDQ2k5M1VVWk5RVTFDUVdZNGQwUlJXVXBMYjFwSmFIWmpUa0ZSUlV4Q1VVRkVaMmRGUWtGRk1FaEtWemRvWTJGVldqaFNOMlprVjA5TVkxSnhlRVpJUWs0S1JuSXpWMlJtVmxwaGVETk1iVzlqTDNaa1lVZHVNMGRzUldNeE5GTkpaMU51SzFWTGNXaHdiM0pIUkdGU2FESmFUVFpMYVVwcFJ6ZG9RMk56Um1kaFF3cElNMDlCUTI4NWJuUkVXWE5sWVc0d1ZteGhTMFpFTUZoRFQwSnZWbWxvZUhkRlNHZDVNQzlPVjJVNFVVTXlPR1pKZGxsNlF6WnVNa0ZsYlRWVVRVaEhDbkZRVkVOclNtUk1SR2NyYzJ4QlRXaGllVlIyVW0xdFIxQXpSSE41VW5KVlRGUnFRbEUxYVc5aU9WcERSV2N2VkdNeWVYQlBOM0JXYUZKQk4xZHpUVmNLUlU1SlRHMTBiM2dyUXpKb2NGbGtNWHBOZVZJcmNVWjFRbWxrTkhsdFl6RjFVMjVRYTA1UmIzRTNVWEo2VURCc1QzRnBZMEppTm1GUGNTczBTRlowVEFwaWJsUldkMWN4Y1RKT09ESlVSRVl2ZFhGV2JYVndWRXhwUWxoQlVqWTRVa3AxUlZOTlJEVXdTamRNVkdVM2FDOHliR1F2UzFSa2RWSlRaejBLTFMwdExTMUZUa1FnUTBWU1ZFbEdTVU5CVkVVdExTMHRMUW89JyAndGVycmFmb3JtLWVrcy1zd2FybScK",
                            "vpc_classic_link_id": "",
                            "vpc_classic_link_security_groups.#": "0"
                        },
                        "meta": {},
                        "tainted": false
                    },
                    "deposed": [],
                    "provider": "provider.aws"
                },
                "aws_route_table.swarm": {
                    "type": "aws_route_table",
                    "depends_on": [
                        "aws_internet_gateway.swarm",
                        "aws_vpc.swarm"
                    ],
                    "primary": {
                        "id": "rtb-0c970f655ce4e01a1",
                        "attributes": {
                            "id": "rtb-0c970f655ce4e01a1",
                            "owner_id": "097265196013",
                            "propagating_vgws.#": "0",
                            "route.#": "1",
                            "route.1592127490.cidr_block": "0.0.0.0/0",
                            "route.1592127490.egress_only_gateway_id": "",
                            "route.1592127490.gateway_id": "igw-0d7f7e15f2cb399ee",
                            "route.1592127490.instance_id": "",
                            "route.1592127490.ipv6_cidr_block": "",
                            "route.1592127490.nat_gateway_id": "",
                            "route.1592127490.network_interface_id": "",
                            "route.1592127490.transit_gateway_id": "",
                            "route.1592127490.vpc_peering_connection_id": "",
                            "tags.%": "0",
                            "vpc_id": "vpc-0fb044c7e242d14bd"
                        },
                        "meta": {},
                        "tainted": false
                    },
                    "deposed": [],
                    "provider": "provider.aws"
                },
                "aws_route_table_association.swarm.0": {
                    "type": "aws_route_table_association",
                    "depends_on": [
                        "aws_route_table.swarm",
                        "aws_subnet.swarm.*"
                    ],
                    "primary": {
                        "id": "rtbassoc-09d9d6f856623c81f",
                        "attributes": {
                            "id": "rtbassoc-09d9d6f856623c81f",
                            "route_table_id": "rtb-0c970f655ce4e01a1",
                            "subnet_id": "subnet-003efc2f4a91d83ba"
                        },
                        "meta": {},
                        "tainted": false
                    },
                    "deposed": [],
                    "provider": "provider.aws"
                },
                "aws_route_table_association.swarm.1": {
                    "type": "aws_route_table_association",
                    "depends_on": [
                        "aws_route_table.swarm",
                        "aws_subnet.swarm.*"
                    ],
                    "primary": {
                        "id": "rtbassoc-00b515ea391cbd3b3",
                        "attributes": {
                            "id": "rtbassoc-00b515ea391cbd3b3",
                            "route_table_id": "rtb-0c970f655ce4e01a1",
                            "subnet_id": "subnet-0c3ad056354aaac41"
                        },
                        "meta": {},
                        "tainted": false
                    },
                    "deposed": [],
                    "provider": "provider.aws"
                },
                "aws_security_group.swarm-cluster": {
                    "type": "aws_security_group",
                    "depends_on": [
                        "aws_vpc.swarm"
                    ],
                    "primary": {
                        "id": "sg-034a697a71bac436e",
                        "attributes": {
                            "arn": "arn:aws:ec2:us-east-1:097265196013:security-group/sg-034a697a71bac436e",
                            "description": "Cluster communication with worker nodes",
                            "egress.#": "1",
                            "egress.482069346.cidr_blocks.#": "1",
                            "egress.482069346.cidr_blocks.0": "0.0.0.0/0",
                            "egress.482069346.description": "",
                            "egress.482069346.from_port": "0",
                            "egress.482069346.ipv6_cidr_blocks.#": "0",
                            "egress.482069346.prefix_list_ids.#": "0",
                            "egress.482069346.protocol": "-1",
                            "egress.482069346.security_groups.#": "0",
                            "egress.482069346.self": "false",
                            "egress.482069346.to_port": "0",
                            "id": "sg-034a697a71bac436e",
                            "ingress.#": "2",
                            "ingress.100609262.cidr_blocks.#": "1",
                            "ingress.100609262.cidr_blocks.0": "76.8.222.194/32",
                            "ingress.100609262.description": "Allow workstation to communicate with the cluster API Server",
                            "ingress.100609262.from_port": "443",
                            "ingress.100609262.ipv6_cidr_blocks.#": "0",
                            "ingress.100609262.prefix_list_ids.#": "0",
                            "ingress.100609262.protocol": "tcp",
                            "ingress.100609262.security_groups.#": "0",
                            "ingress.100609262.self": "false",
                            "ingress.100609262.to_port": "443",
                            "ingress.3763008541.cidr_blocks.#": "0",
                            "ingress.3763008541.description": "Allow pods to communicate with the cluster API Server",
                            "ingress.3763008541.from_port": "443",
                            "ingress.3763008541.ipv6_cidr_blocks.#": "0",
                            "ingress.3763008541.prefix_list_ids.#": "0",
                            "ingress.3763008541.protocol": "tcp",
                            "ingress.3763008541.security_groups.#": "1",
                            "ingress.3763008541.security_groups.2206401928": "sg-0a64d48c2a016f21d",
                            "ingress.3763008541.self": "false",
                            "ingress.3763008541.to_port": "443",
                            "name": "terraform-eks-swarm-cluster",
                            "owner_id": "097265196013",
                            "revoke_rules_on_delete": "false",
                            "tags.%": "1",
                            "tags.Name": "terraform-eks-swarm",
                            "vpc_id": "vpc-0fb044c7e242d14bd"
                        },
                        "meta": {
                            "e2bfb730-ecaa-11e6-8f88-34363bc7c4c0": {
                                "create": 600000000000,
                                "delete": 600000000000
                            },
                            "schema_version": "1"
                        },
                        "tainted": false
                    },
                    "deposed": [],
                    "provider": "provider.aws"
                },
                "aws_security_group.swarm-node": {
                    "type": "aws_security_group",
                    "depends_on": [
                        "aws_vpc.swarm"
                    ],
                    "primary": {
                        "id": "sg-0a64d48c2a016f21d",
                        "attributes": {
                            "arn": "arn:aws:ec2:us-east-1:097265196013:security-group/sg-0a64d48c2a016f21d",
                            "description": "Security group for all nodes in the cluster",
                            "egress.#": "1",
                            "egress.482069346.cidr_blocks.#": "1",
                            "egress.482069346.cidr_blocks.0": "0.0.0.0/0",
                            "egress.482069346.description": "",
                            "egress.482069346.from_port": "0",
                            "egress.482069346.ipv6_cidr_blocks.#": "0",
                            "egress.482069346.prefix_list_ids.#": "0",
                            "egress.482069346.protocol": "-1",
                            "egress.482069346.security_groups.#": "0",
                            "egress.482069346.self": "false",
                            "egress.482069346.to_port": "0",
                            "id": "sg-0a64d48c2a016f21d",
                            "ingress.#": "2",
                            "ingress.2278689831.cidr_blocks.#": "0",
                            "ingress.2278689831.description": "Allow node to communicate with each other",
                            "ingress.2278689831.from_port": "0",
                            "ingress.2278689831.ipv6_cidr_blocks.#": "0",
                            "ingress.2278689831.prefix_list_ids.#": "0",
                            "ingress.2278689831.protocol": "-1",
                            "ingress.2278689831.security_groups.#": "0",
                            "ingress.2278689831.self": "true",
                            "ingress.2278689831.to_port": "0",
                            "ingress.4219683376.cidr_blocks.#": "0",
                            "ingress.4219683376.description": "Allow worker Kubelets and pods to receive communication from the cluster control plane",
                            "ingress.4219683376.from_port": "1025",
                            "ingress.4219683376.ipv6_cidr_blocks.#": "0",
                            "ingress.4219683376.prefix_list_ids.#": "0",
                            "ingress.4219683376.protocol": "tcp",
                            "ingress.4219683376.security_groups.#": "1",
                            "ingress.4219683376.security_groups.2821084885": "sg-034a697a71bac436e",
                            "ingress.4219683376.self": "false",
                            "ingress.4219683376.to_port": "65535",
                            "name": "terraform-eks-swarm-node",
                            "owner_id": "097265196013",
                            "revoke_rules_on_delete": "false",
                            "tags.%": "2",
                            "tags.Name": "terraform-eks-swarm-node",
                            "tags.kubernetes.io/cluster/terraform-eks-swarm": "owned",
                            "vpc_id": "vpc-0fb044c7e242d14bd"
                        },
                        "meta": {
                            "e2bfb730-ecaa-11e6-8f88-34363bc7c4c0": {
                                "create": 600000000000,
                                "delete": 600000000000
                            },
                            "schema_version": "1"
                        },
                        "tainted": false
                    },
                    "deposed": [],
                    "provider": "provider.aws"
                },
                "aws_security_group_rule.swarm-cluster-ingress-node-https": {
                    "type": "aws_security_group_rule",
                    "depends_on": [
                        "aws_security_group.swarm-cluster",
                        "aws_security_group.swarm-node"
                    ],
                    "primary": {
                        "id": "sgrule-2932803956",
                        "attributes": {
                            "cidr_blocks.#": "0",
                            "description": "Allow pods to communicate with the cluster API Server",
                            "from_port": "443",
                            "id": "sgrule-2932803956",
                            "ipv6_cidr_blocks.#": "0",
                            "prefix_list_ids.#": "0",
                            "protocol": "tcp",
                            "security_group_id": "sg-034a697a71bac436e",
                            "self": "false",
                            "source_security_group_id": "sg-0a64d48c2a016f21d",
                            "to_port": "443",
                            "type": "ingress"
                        },
                        "meta": {
                            "schema_version": "2"
                        },
                        "tainted": false
                    },
                    "deposed": [],
                    "provider": "provider.aws"
                },
                "aws_security_group_rule.swarm-cluster-ingress-workstation-https": {
                    "type": "aws_security_group_rule",
                    "depends_on": [
                        "aws_security_group.swarm-cluster",
                        "local.workstation-external-cidr"
                    ],
                    "primary": {
                        "id": "sgrule-4206322624",
                        "attributes": {
                            "cidr_blocks.#": "1",
                            "cidr_blocks.0": "76.8.222.194/32",
                            "description": "Allow workstation to communicate with the cluster API Server",
                            "from_port": "443",
                            "id": "sgrule-4206322624",
                            "ipv6_cidr_blocks.#": "0",
                            "prefix_list_ids.#": "0",
                            "protocol": "tcp",
                            "security_group_id": "sg-034a697a71bac436e",
                            "self": "false",
                            "to_port": "443",
                            "type": "ingress"
                        },
                        "meta": {
                            "schema_version": "2"
                        },
                        "tainted": false
                    },
                    "deposed": [],
                    "provider": "provider.aws"
                },
                "aws_security_group_rule.swarm-node-ingress-cluster": {
                    "type": "aws_security_group_rule",
                    "depends_on": [
                        "aws_security_group.swarm-cluster",
                        "aws_security_group.swarm-node"
                    ],
                    "primary": {
                        "id": "sgrule-24311972",
                        "attributes": {
                            "cidr_blocks.#": "0",
                            "description": "Allow worker Kubelets and pods to receive communication from the cluster control plane",
                            "from_port": "1025",
                            "id": "sgrule-24311972",
                            "ipv6_cidr_blocks.#": "0",
                            "prefix_list_ids.#": "0",
                            "protocol": "tcp",
                            "security_group_id": "sg-0a64d48c2a016f21d",
                            "self": "false",
                            "source_security_group_id": "sg-034a697a71bac436e",
                            "to_port": "65535",
                            "type": "ingress"
                        },
                        "meta": {
                            "schema_version": "2"
                        },
                        "tainted": false
                    },
                    "deposed": [],
                    "provider": "provider.aws"
                },
                "aws_security_group_rule.swarm-node-ingress-discovery": {
                    "type": "aws_security_group_rule",
                    "depends_on": [
                        "aws_security_group.swarm-node"
                    ],
                    "primary": {
                        "id": "sgrule-3660126168",
                        "attributes": {
                            "cidr_blocks.#": "0",
                            "description": "Allow node to communicate with each other",
                            "from_port": "0",
                            "id": "sgrule-3660126168",
                            "ipv6_cidr_blocks.#": "0",
                            "prefix_list_ids.#": "0",
                            "protocol": "-1",
                            "security_group_id": "sg-0a64d48c2a016f21d",
                            "self": "false",
                            "source_security_group_id": "sg-0a64d48c2a016f21d",
                            "to_port": "0",
                            "type": "ingress"
                        },
                        "meta": {
                            "schema_version": "2"
                        },
                        "tainted": false
                    },
                    "deposed": [],
                    "provider": "provider.aws"
                },
                "aws_subnet.swarm.0": {
                    "type": "aws_subnet",
                    "depends_on": [
                        "aws_vpc.swarm",
                        "data.aws_availability_zones.available"
                    ],
                    "primary": {
                        "id": "subnet-003efc2f4a91d83ba",
                        "attributes": {
                            "arn": "arn:aws:ec2:us-east-1:097265196013:subnet/subnet-003efc2f4a91d83ba",
                            "assign_ipv6_address_on_creation": "false",
                            "availability_zone": "us-east-1a",
                            "availability_zone_id": "use1-az6",
                            "cidr_block": "10.0.0.0/24",
                            "id": "subnet-003efc2f4a91d83ba",
                            "ipv6_cidr_block": "",
                            "ipv6_cidr_block_association_id": "",
                            "map_public_ip_on_launch": "false",
                            "owner_id": "097265196013",
                            "tags.%": "2",
                            "tags.Name": "terraform-eks-swarm-node",
                            "tags.kubernetes.io/cluster/terraform-eks-swarm": "shared",
                            "vpc_id": "vpc-0fb044c7e242d14bd"
                        },
                        "meta": {
                            "e2bfb730-ecaa-11e6-8f88-34363bc7c4c0": {
                                "create": 600000000000,
                                "delete": 600000000000
                            },
                            "schema_version": "1"
                        },
                        "tainted": false
                    },
                    "deposed": [],
                    "provider": "provider.aws"
                },
                "aws_subnet.swarm.1": {
                    "type": "aws_subnet",
                    "depends_on": [
                        "aws_vpc.swarm",
                        "data.aws_availability_zones.available"
                    ],
                    "primary": {
                        "id": "subnet-0c3ad056354aaac41",
                        "attributes": {
                            "arn": "arn:aws:ec2:us-east-1:097265196013:subnet/subnet-0c3ad056354aaac41",
                            "assign_ipv6_address_on_creation": "false",
                            "availability_zone": "us-east-1b",
                            "availability_zone_id": "use1-az1",
                            "cidr_block": "10.0.1.0/24",
                            "id": "subnet-0c3ad056354aaac41",
                            "ipv6_cidr_block": "",
                            "ipv6_cidr_block_association_id": "",
                            "map_public_ip_on_launch": "false",
                            "owner_id": "097265196013",
                            "tags.%": "2",
                            "tags.Name": "terraform-eks-swarm-node",
                            "tags.kubernetes.io/cluster/terraform-eks-swarm": "shared",
                            "vpc_id": "vpc-0fb044c7e242d14bd"
                        },
                        "meta": {
                            "e2bfb730-ecaa-11e6-8f88-34363bc7c4c0": {
                                "create": 600000000000,
                                "delete": 600000000000
                            },
                            "schema_version": "1"
                        },
                        "tainted": false
                    },
                    "deposed": [],
                    "provider": "provider.aws"
                },
                "aws_vpc.swarm": {
                    "type": "aws_vpc",
                    "depends_on": [],
                    "primary": {
                        "id": "vpc-0fb044c7e242d14bd",
                        "attributes": {
                            "arn": "arn:aws:ec2:us-east-1:097265196013:vpc/vpc-0fb044c7e242d14bd",
                            "assign_generated_ipv6_cidr_block": "false",
                            "cidr_block": "10.0.0.0/16",
                            "default_network_acl_id": "acl-0fa4aaece868496f1",
                            "default_route_table_id": "rtb-0e9134ea9a9f37f25",
                            "default_security_group_id": "sg-0aa034f0c04b878f1",
                            "dhcp_options_id": "dopt-04c58695c47949620",
                            "enable_classiclink": "false",
                            "enable_classiclink_dns_support": "false",
                            "enable_dns_hostnames": "false",
                            "enable_dns_support": "true",
                            "id": "vpc-0fb044c7e242d14bd",
                            "instance_tenancy": "default",
                            "ipv6_association_id": "",
                            "ipv6_cidr_block": "",
                            "main_route_table_id": "rtb-0e9134ea9a9f37f25",
                            "owner_id": "097265196013",
                            "tags.%": "2",
                            "tags.Name": "terraform-eks-swarm-node",
                            "tags.kubernetes.io/cluster/terraform-eks-swarm": "shared"
                        },
                        "meta": {
                            "schema_version": "1"
                        },
                        "tainted": false
                    },
                    "deposed": [],
                    "provider": "provider.aws"
                },
                "data.aws_ami.eks-worker": {
                    "type": "aws_ami",
                    "depends_on": [
                        "aws_eks_cluster.swarm"
                    ],
                    "primary": {
                        "id": "ami-0abcb9f9190e867ab",
                        "attributes": {
                            "architecture": "x86_64",
                            "block_device_mappings.#": "1",
                            "block_device_mappings.3798922657.device_name": "/dev/xvda",
                            "block_device_mappings.3798922657.ebs.%": "6",
                            "block_device_mappings.3798922657.ebs.delete_on_termination": "true",
                            "block_device_mappings.3798922657.ebs.encrypted": "false",
                            "block_device_mappings.3798922657.ebs.iops": "0",
                            "block_device_mappings.3798922657.ebs.snapshot_id": "snap-002185798118ef545",
                            "block_device_mappings.3798922657.ebs.volume_size": "20",
                            "block_device_mappings.3798922657.ebs.volume_type": "gp2",
                            "block_device_mappings.3798922657.no_device": "",
                            "block_device_mappings.3798922657.virtual_name": "",
                            "creation_date": "2019-03-30T00:32:52.000Z",
                            "description": "EKS Kubernetes Worker AMI with AmazonLinux2 image (k8s: 1.12.7/2019-03-27/bin/linux/amd64, docker:18.06)",
                            "filter.#": "1",
                            "filter.3458727952.name": "name",
                            "filter.3458727952.values.#": "1",
                            "filter.3458727952.values.0": "amazon-eks-node-1.12-v*",
                            "hypervisor": "xen",
                            "id": "ami-0abcb9f9190e867ab",
                            "image_id": "ami-0abcb9f9190e867ab",
                            "image_location": "amazon/amazon-eks-node-1.12-v20190329",
                            "image_owner_alias": "amazon",
                            "image_type": "machine",
                            "most_recent": "true",
                            "name": "amazon-eks-node-1.12-v20190329",
                            "owner_id": "602401143452",
                            "owners.#": "1",
                            "owners.0": "602401143452",
                            "product_codes.#": "0",
                            "public": "true",
                            "root_device_name": "/dev/xvda",
                            "root_device_type": "ebs",
                            "root_snapshot_id": "snap-002185798118ef545",
                            "sriov_net_support": "simple",
                            "state": "available",
                            "state_reason.%": "2",
                            "state_reason.code": "UNSET",
                            "state_reason.message": "UNSET",
                            "tags.%": "0",
                            "virtualization_type": "hvm"
                        },
                        "meta": {},
                        "tainted": false
                    },
                    "deposed": [],
                    "provider": "provider.aws"
                },
                "data.aws_availability_zones.available": {
                    "type": "aws_availability_zones",
                    "depends_on": [],
                    "primary": {
                        "id": "2019-05-09 19:56:24.554233 +0000 UTC",
                        "attributes": {
                            "id": "2019-05-09 19:56:24.554233 +0000 UTC",
                            "names.#": "6",
                            "names.0": "us-east-1a",
                            "names.1": "us-east-1b",
                            "names.2": "us-east-1c",
                            "names.3": "us-east-1d",
                            "names.4": "us-east-1e",
                            "names.5": "us-east-1f",
                            "zone_ids.#": "6",
                            "zone_ids.0": "use1-az6",
                            "zone_ids.1": "use1-az1",
                            "zone_ids.2": "use1-az2",
                            "zone_ids.3": "use1-az4",
                            "zone_ids.4": "use1-az3",
                            "zone_ids.5": "use1-az5"
                        },
                        "meta": {},
                        "tainted": false
                    },
                    "deposed": [],
                    "provider": "provider.aws"
                },
                "data.aws_region.current": {
                    "type": "aws_region",
                    "depends_on": [],
                    "primary": {
                        "id": "us-east-1",
                        "attributes": {
                            "description": "US East (N. Virginia)",
                            "endpoint": "ec2.us-east-1.amazonaws.com",
                            "id": "us-east-1",
                            "name": "us-east-1"
                        },
                        "meta": {},
                        "tainted": false
                    },
                    "deposed": [],
                    "provider": "provider.aws"
                },
                "data.http.workstation-external-ip": {
                    "type": "http",
                    "depends_on": [],
                    "primary": {
                        "id": "2019-05-09 19:56:22.648791 +0000 UTC",
                        "attributes": {
                            "body": "76.8.222.194\n",
                            "id": "2019-05-09 19:56:22.648791 +0000 UTC",
                            "url": "http://ipv4.icanhazip.com"
                        },
                        "meta": {},
                        "tainted": false
                    },
                    "deposed": [],
                    "provider": "provider.http"
                }
            },
            "depends_on": []
        }
    ]
}
