{
    "version": 3,
    "terraform_version": "0.11.13",
    "serial": 15,
    "lineage": "b401e9d6-19a8-87b1-d159-5f62e39269cd",
    "modules": [
        {
            "path": [
                "root"
            ],
            "outputs": {
                "config_map_aws_auth": {
                    "sensitive": false,
                    "type": "string",
                    "value": "\n\napiVersion: v1\nkind: ConfigMap\nmetadata:\n  name: aws-auth\n  namespace: kube-system\ndata:\n  mapRoles: |\n    - rolearn: arn:aws:iam::344231472712:role/terraform-eks-swarm-node\n      username: system:node:{{EC2PrivateDNSName}}\n      groups:\n        - system:bootstrappers\n        - system:nodes\n"
                },
                "kubeconfig": {
                    "sensitive": false,
                    "type": "string",
                    "value": "\n\napiVersion: v1\nclusters:\n- cluster:\n    server: https://169070D62BDD1AC12D7BC23F73F8051E.gr7.us-east-1.eks.amazonaws.com\n    certificate-authority-data: LS0tLS1CRUdJTiBDRVJUSUZJQ0FURS0tLS0tCk1JSUN5RENDQWJDZ0F3SUJBZ0lCQURBTkJna3Foa2lHOXcwQkFRc0ZBREFWTVJNd0VRWURWUVFERXdwcmRXSmwKY201bGRHVnpNQjRYRFRFNU1EVXhNREUyTkRVd09Wb1hEVEk1TURVd056RTJORFV3T1Zvd0ZURVRNQkVHQTFVRQpBeE1LYTNWaVpYSnVaWFJsY3pDQ0FTSXdEUVlKS29aSWh2Y05BUUVCQlFBRGdnRVBBRENDQVFvQ2dnRUJBTlJ3CjFDQW9WaTl0bEw3RHlrTTJ5WXA2Y05wNVBSZTlkZS9jVGJ4Z3RZUE03QVE0RjNLalhPL0lON0pYNy8wdDdEWEQKZTJvcHhPUUhucVg0K0lXMnhQODNqZW0xME5qUHhsQy9NcmdTM3BySHBXa0JjQm9sOUlvUU43b0JaRVZBZFJDbQo0RDNpbHR6UlV2Z2tXelNPWGNIZExEb0NPWFc2VzlWbXF4VkxqSk9QZmxWcWd0T1pUVkFXdmZOWEM4b2h0TmcvCjgwNlVJOVIxeXgyVDJseUltZFBGRENJT0N5TTV4NVhDbGtOaXdqRnQwVUo0R3J6dzFsRHBNY3FEMHhFUWNrbXgKek5OdWxNVEFlcmllcEhqbllqcDhYSTExQUhCeDd2Z3NWdEZDTHpvejNqWkhQa3gvbFQwbGQrMTZqd2lrOEZxTwpnU05VQWE1KzFQSWZ1V3VUdlJFQ0F3RUFBYU1qTUNFd0RnWURWUjBQQVFIL0JBUURBZ0trTUE4R0ExVWRFd0VCCi93UUZNQU1CQWY4d0RRWUpLb1pJaHZjTkFRRUxCUUFEZ2dFQkFBTU1wVk9Qd200WHZIT1BBZXNFQ3pHV2hPT1UKZURKUFdRckVGS3lsS1NPWW15aDczaFB0VktYS3ZHY0dvL2xPcHdSWDUvMVJhT0F3cVB4TkNQWHdCd1MvdWJxSAovM0pQbGQ3bDd5RC91T2pQamF0QWF4QnBRallEcEJaQXdRMXJ2OXQyaE9SVW5Db2c2b0J4UlRSbXhnL3FTeVkrCnZqUmJwQkJhZ0o2ODhVOTlqNEF1dHZJWHEzYTlwWWV6VWhmNm5MUnpMdGhhQ1lFQVZpQ1pIUVhlWjFZTDhQQU8Ka3AzSEgzZE95a2VqaWI4STdoY2I3VVp5Sm5oMllHOEY0U3U3ajh0ZVhLa0pHN0xvcmRmcWFqazdvVkNIamljVwppRFkvYzdxdHdRekhqQkZWSzlpcUc2WXlHMURrem9KUzB6OU1UWGdBbnVaeTdiZm1kMHVzOXpFeHNjST0KLS0tLS1FTkQgQ0VSVElGSUNBVEUtLS0tLQo=\n  name: kubernetes\ncontexts:\n- context:\n    cluster: kubernetes\n    user: aws\n  name: aws\ncurrent-context: aws\nkind: Config\npreferences: {}\nusers:\n- name: aws\n  user:\n    exec:\n      apiVersion: client.authentication.k8s.io/v1alpha1\n      command: aws-iam-authenticator\n      args:\n        - \"token\"\n        - \"-i\"\n        - \"terraform-eks-swarm\"\n"
                }
            },
            "resources": {
                "aws_autoscaling_group.swarm": {
                    "type": "aws_autoscaling_group",
                    "depends_on": [
                        "aws_launch_configuration.swarm",
                        "aws_subnet.swarm.*"
                    ],
                    "primary": {
                        "id": "terraform-eks-swarm",
                        "attributes": {
                            "arn": "arn:aws:autoscaling:us-east-1:344231472712:autoScalingGroup:70184502-3527-4744-9231-759a0a0e9254:autoScalingGroupName/terraform-eks-swarm",
                            "availability_zones.#": "2",
                            "availability_zones.1305112097": "us-east-1b",
                            "availability_zones.3569565595": "us-east-1a",
                            "default_cooldown": "300",
                            "desired_capacity": "2",
                            "enabled_metrics.#": "0",
                            "force_delete": "false",
                            "health_check_grace_period": "300",
                            "health_check_type": "EC2",
                            "id": "terraform-eks-swarm",
                            "launch_configuration": "terraform-eks-swarm20190510164728038500000006",
                            "launch_template.#": "0",
                            "load_balancers.#": "0",
                            "max_size": "2",
                            "metrics_granularity": "1Minute",
                            "min_size": "1",
                            "mixed_instances_policy.#": "0",
                            "name": "terraform-eks-swarm",
                            "placement_group": "",
                            "protect_from_scale_in": "false",
                            "service_linked_role_arn": "arn:aws:iam::344231472712:role/aws-service-role/autoscaling.amazonaws.com/AWSServiceRoleForAutoScaling",
                            "suspended_processes.#": "0",
                            "tag.#": "2",
                            "tag.3359750466.key": "kubernetes.io/cluster/terraform-eks-swarm",
                            "tag.3359750466.propagate_at_launch": "true",
                            "tag.3359750466.value": "owned",
                            "tag.833396554.key": "Name",
                            "tag.833396554.propagate_at_launch": "true",
                            "tag.833396554.value": "terraform-eks-swarm",
                            "target_group_arns.#": "0",
                            "termination_policies.#": "0",
                            "vpc_zone_identifier.#": "2",
                            "vpc_zone_identifier.1928996154": "subnet-0cec1cdb7048ef695",
                            "vpc_zone_identifier.444207591": "subnet-0a29e7ad45a441c48",
                            "wait_for_capacity_timeout": "10m"
                        },
                        "meta": {
                            "e2bfb730-ecaa-11e6-8f88-34363bc7c4c0": {
                                "delete": 600000000000
                            }
                        },
                        "tainted": false
                    },
                    "deposed": [],
                    "provider": "provider.aws"
                },
                "aws_eks_cluster.swarm": {
                    "type": "aws_eks_cluster",
                    "depends_on": [
                        "aws_iam_role.swarm-cluster",
                        "aws_iam_role_policy_attachment.swarm-cluster-AmazonEKSClusterPolicy",
                        "aws_iam_role_policy_attachment.swarm-cluster-AmazonEKSServicePolicy",
                        "aws_security_group.swarm-cluster",
                        "aws_subnet.swarm.*"
                    ],
                    "primary": {
                        "id": "terraform-eks-swarm",
                        "attributes": {
                            "arn": "arn:aws:eks:us-east-1:344231472712:cluster/terraform-eks-swarm",
                            "certificate_authority.#": "1",
                            "certificate_authority.0.data": "LS0tLS1CRUdJTiBDRVJUSUZJQ0FURS0tLS0tCk1JSUN5RENDQWJDZ0F3SUJBZ0lCQURBTkJna3Foa2lHOXcwQkFRc0ZBREFWTVJNd0VRWURWUVFERXdwcmRXSmwKY201bGRHVnpNQjRYRFRFNU1EVXhNREUyTkRVd09Wb1hEVEk1TURVd056RTJORFV3T1Zvd0ZURVRNQkVHQTFVRQpBeE1LYTNWaVpYSnVaWFJsY3pDQ0FTSXdEUVlKS29aSWh2Y05BUUVCQlFBRGdnRVBBRENDQVFvQ2dnRUJBTlJ3CjFDQW9WaTl0bEw3RHlrTTJ5WXA2Y05wNVBSZTlkZS9jVGJ4Z3RZUE03QVE0RjNLalhPL0lON0pYNy8wdDdEWEQKZTJvcHhPUUhucVg0K0lXMnhQODNqZW0xME5qUHhsQy9NcmdTM3BySHBXa0JjQm9sOUlvUU43b0JaRVZBZFJDbQo0RDNpbHR6UlV2Z2tXelNPWGNIZExEb0NPWFc2VzlWbXF4VkxqSk9QZmxWcWd0T1pUVkFXdmZOWEM4b2h0TmcvCjgwNlVJOVIxeXgyVDJseUltZFBGRENJT0N5TTV4NVhDbGtOaXdqRnQwVUo0R3J6dzFsRHBNY3FEMHhFUWNrbXgKek5OdWxNVEFlcmllcEhqbllqcDhYSTExQUhCeDd2Z3NWdEZDTHpvejNqWkhQa3gvbFQwbGQrMTZqd2lrOEZxTwpnU05VQWE1KzFQSWZ1V3VUdlJFQ0F3RUFBYU1qTUNFd0RnWURWUjBQQVFIL0JBUURBZ0trTUE4R0ExVWRFd0VCCi93UUZNQU1CQWY4d0RRWUpLb1pJaHZjTkFRRUxCUUFEZ2dFQkFBTU1wVk9Qd200WHZIT1BBZXNFQ3pHV2hPT1UKZURKUFdRckVGS3lsS1NPWW15aDczaFB0VktYS3ZHY0dvL2xPcHdSWDUvMVJhT0F3cVB4TkNQWHdCd1MvdWJxSAovM0pQbGQ3bDd5RC91T2pQamF0QWF4QnBRallEcEJaQXdRMXJ2OXQyaE9SVW5Db2c2b0J4UlRSbXhnL3FTeVkrCnZqUmJwQkJhZ0o2ODhVOTlqNEF1dHZJWHEzYTlwWWV6VWhmNm5MUnpMdGhhQ1lFQVZpQ1pIUVhlWjFZTDhQQU8Ka3AzSEgzZE95a2VqaWI4STdoY2I3VVp5Sm5oMllHOEY0U3U3ajh0ZVhLa0pHN0xvcmRmcWFqazdvVkNIamljVwppRFkvYzdxdHdRekhqQkZWSzlpcUc2WXlHMURrem9KUzB6OU1UWGdBbnVaeTdiZm1kMHVzOXpFeHNjST0KLS0tLS1FTkQgQ0VSVElGSUNBVEUtLS0tLQo=",
                            "created_at": "2019-05-10 16:38:04 +0000 UTC",
                            "enabled_cluster_log_types.#": "0",
                            "endpoint": "https://169070D62BDD1AC12D7BC23F73F8051E.gr7.us-east-1.eks.amazonaws.com",
                            "id": "terraform-eks-swarm",
                            "name": "terraform-eks-swarm",
                            "platform_version": "eks.1",
                            "role_arn": "arn:aws:iam::344231472712:role/terraform-eks-swarm-cluster",
                            "version": "1.12",
                            "vpc_config.#": "1",
                            "vpc_config.0.endpoint_private_access": "false",
                            "vpc_config.0.endpoint_public_access": "true",
                            "vpc_config.0.security_group_ids.#": "1",
                            "vpc_config.0.security_group_ids.1987080096": "sg-0bf572e506c3b5c40",
                            "vpc_config.0.subnet_ids.#": "2",
                            "vpc_config.0.subnet_ids.1568476003": "subnet-0a29e7ad45a441c48",
                            "vpc_config.0.subnet_ids.2776048958": "subnet-0cec1cdb7048ef695",
                            "vpc_config.0.vpc_id": "vpc-07302b2d9f855effe"
                        },
                        "meta": {
                            "e2bfb730-ecaa-11e6-8f88-34363bc7c4c0": {
                                "create": 900000000000,
                                "delete": 900000000000,
                                "update": 3600000000000
                            }
                        },
                        "tainted": false
                    },
                    "deposed": [],
                    "provider": "provider.aws"
                },
                "aws_iam_instance_profile.swarm-node": {
                    "type": "aws_iam_instance_profile",
                    "depends_on": [
                        "aws_iam_role.swarm-node"
                    ],
                    "primary": {
                        "id": "terraform-eks-swarm",
                        "attributes": {
                            "arn": "arn:aws:iam::344231472712:instance-profile/terraform-eks-swarm",
                            "create_date": "2019-05-10T16:37:55Z",
                            "id": "terraform-eks-swarm",
                            "name": "terraform-eks-swarm",
                            "path": "/",
                            "role": "terraform-eks-swarm-node",
                            "roles.#": "1",
                            "roles.2575628046": "terraform-eks-swarm-node",
                            "unique_id": "AIPAVAJOLNZEHE56CV66Q"
                        },
                        "meta": {},
                        "tainted": false
                    },
                    "deposed": [],
                    "provider": "provider.aws"
                },
                "aws_iam_role.swarm-cluster": {
                    "type": "aws_iam_role",
                    "depends_on": [],
                    "primary": {
                        "id": "terraform-eks-swarm-cluster",
                        "attributes": {
                            "arn": "arn:aws:iam::344231472712:role/terraform-eks-swarm-cluster",
                            "assume_role_policy": "{\"Version\":\"2012-10-17\",\"Statement\":[{\"Effect\":\"Allow\",\"Principal\":{\"Service\":\"eks.amazonaws.com\"},\"Action\":\"sts:AssumeRole\"}]}",
                            "create_date": "2019-05-10T16:37:54Z",
                            "description": "",
                            "force_detach_policies": "false",
                            "id": "terraform-eks-swarm-cluster",
                            "max_session_duration": "3600",
                            "name": "terraform-eks-swarm-cluster",
                            "path": "/",
                            "tags.%": "0",
                            "unique_id": "AROAVAJOLNZEJX5LRTSDR"
                        },
                        "meta": {},
                        "tainted": false
                    },
                    "deposed": [],
                    "provider": "provider.aws"
                },
                "aws_iam_role.swarm-node": {
                    "type": "aws_iam_role",
                    "depends_on": [],
                    "primary": {
                        "id": "terraform-eks-swarm-node",
                        "attributes": {
                            "arn": "arn:aws:iam::344231472712:role/terraform-eks-swarm-node",
                            "assume_role_policy": "{\"Version\":\"2012-10-17\",\"Statement\":[{\"Effect\":\"Allow\",\"Principal\":{\"Service\":\"ec2.amazonaws.com\"},\"Action\":\"sts:AssumeRole\"}]}",
                            "create_date": "2019-05-10T16:37:54Z",
                            "description": "",
                            "force_detach_policies": "false",
                            "id": "terraform-eks-swarm-node",
                            "max_session_duration": "3600",
                            "name": "terraform-eks-swarm-node",
                            "path": "/",
                            "tags.%": "0",
                            "unique_id": "AROAVAJOLNZEE4GQFAL4X"
                        },
                        "meta": {},
                        "tainted": false
                    },
                    "deposed": [],
                    "provider": "provider.aws"
                },
                "aws_iam_role_policy_attachment.swarm-cluster-AmazonEKSClusterPolicy": {
                    "type": "aws_iam_role_policy_attachment",
                    "depends_on": [
                        "aws_iam_role.swarm-cluster"
                    ],
                    "primary": {
                        "id": "terraform-eks-swarm-cluster-20190510163755522200000003",
                        "attributes": {
                            "id": "terraform-eks-swarm-cluster-20190510163755522200000003",
                            "policy_arn": "arn:aws:iam::aws:policy/AmazonEKSClusterPolicy",
                            "role": "terraform-eks-swarm-cluster"
                        },
                        "meta": {},
                        "tainted": false
                    },
                    "deposed": [],
                    "provider": "provider.aws"
                },
                "aws_iam_role_policy_attachment.swarm-cluster-AmazonEKSServicePolicy": {
                    "type": "aws_iam_role_policy_attachment",
                    "depends_on": [
                        "aws_iam_role.swarm-cluster"
                    ],
                    "primary": {
                        "id": "terraform-eks-swarm-cluster-20190510163755524700000005",
                        "attributes": {
                            "id": "terraform-eks-swarm-cluster-20190510163755524700000005",
                            "policy_arn": "arn:aws:iam::aws:policy/AmazonEKSServicePolicy",
                            "role": "terraform-eks-swarm-cluster"
                        },
                        "meta": {},
                        "tainted": false
                    },
                    "deposed": [],
                    "provider": "provider.aws"
                },
                "aws_iam_role_policy_attachment.swarm-node-AmazonEC2ContainerRegistryReadOnly": {
                    "type": "aws_iam_role_policy_attachment",
                    "depends_on": [
                        "aws_iam_role.swarm-node"
                    ],
                    "primary": {
                        "id": "terraform-eks-swarm-node-20190510163755522200000004",
                        "attributes": {
                            "id": "terraform-eks-swarm-node-20190510163755522200000004",
                            "policy_arn": "arn:aws:iam::aws:policy/AmazonEC2ContainerRegistryReadOnly",
                            "role": "terraform-eks-swarm-node"
                        },
                        "meta": {},
                        "tainted": false
                    },
                    "deposed": [],
                    "provider": "provider.aws"
                },
                "aws_iam_role_policy_attachment.swarm-node-AmazonEKSWorkerNodePolicy": {
                    "type": "aws_iam_role_policy_attachment",
                    "depends_on": [
                        "aws_iam_role.swarm-node"
                    ],
                    "primary": {
                        "id": "terraform-eks-swarm-node-20190510163755522200000002",
                        "attributes": {
                            "id": "terraform-eks-swarm-node-20190510163755522200000002",
                            "policy_arn": "arn:aws:iam::aws:policy/AmazonEKSWorkerNodePolicy",
                            "role": "terraform-eks-swarm-node"
                        },
                        "meta": {},
                        "tainted": false
                    },
                    "deposed": [],
                    "provider": "provider.aws"
                },
                "aws_iam_role_policy_attachment.swarm-node-AmazonEKS_CNI_Policy": {
                    "type": "aws_iam_role_policy_attachment",
                    "depends_on": [
                        "aws_iam_role.swarm-node"
                    ],
                    "primary": {
                        "id": "terraform-eks-swarm-node-20190510163755522200000001",
                        "attributes": {
                            "id": "terraform-eks-swarm-node-20190510163755522200000001",
                            "policy_arn": "arn:aws:iam::aws:policy/AmazonEKS_CNI_Policy",
                            "role": "terraform-eks-swarm-node"
                        },
                        "meta": {},
                        "tainted": false
                    },
                    "deposed": [],
                    "provider": "provider.aws"
                },
                "aws_internet_gateway.swarm": {
                    "type": "aws_internet_gateway",
                    "depends_on": [
                        "aws_vpc.swarm"
                    ],
                    "primary": {
                        "id": "igw-096c8c0c037c79dfb",
                        "attributes": {
                            "id": "igw-096c8c0c037c79dfb",
                            "owner_id": "344231472712",
                            "tags.%": "1",
                            "tags.Name": "terraform-eks-swarm",
                            "vpc_id": "vpc-07302b2d9f855effe"
                        },
                        "meta": {},
                        "tainted": false
                    },
                    "deposed": [],
                    "provider": "provider.aws"
                },
                "aws_launch_configuration.swarm": {
                    "type": "aws_launch_configuration",
                    "depends_on": [
                        "aws_iam_instance_profile.swarm-node",
                        "aws_security_group.swarm-node",
                        "data.aws_ami.eks-worker",
                        "local.swarm-node-userdata"
                    ],
                    "primary": {
                        "id": "terraform-eks-swarm20190510164728038500000006",
                        "attributes": {
                            "associate_public_ip_address": "true",
                            "ebs_block_device.#": "0",
                            "ebs_optimized": "false",
                            "enable_monitoring": "true",
                            "ephemeral_block_device.#": "0",
                            "iam_instance_profile": "terraform-eks-swarm",
                            "id": "terraform-eks-swarm20190510164728038500000006",
                            "image_id": "ami-0abcb9f9190e867ab",
                            "instance_type": "m4.large",
                            "key_name": "",
                            "name": "terraform-eks-swarm20190510164728038500000006",
                            "name_prefix": "terraform-eks-swarm",
                            "root_block_device.#": "0",
                            "security_groups.#": "1",
                            "security_groups.3632660917": "sg-0103466deeae74434",
                            "spot_price": "",
                            "user_data_base64": "IyEvYmluL2Jhc2gKc2V0IC1vIHh0cmFjZQovZXRjL2Vrcy9ib290c3RyYXAuc2ggLS1hcGlzZXJ2ZXItZW5kcG9pbnQgJ2h0dHBzOi8vMTY5MDcwRDYyQkREMUFDMTJEN0JDMjNGNzNGODA1MUUuZ3I3LnVzLWVhc3QtMS5la3MuYW1hem9uYXdzLmNvbScgLS1iNjQtY2x1c3Rlci1jYSAnTFMwdExTMUNSVWRKVGlCRFJWSlVTVVpKUTBGVVJTMHRMUzB0Q2sxSlNVTjVSRU5EUVdKRFowRjNTVUpCWjBsQ1FVUkJUa0puYTNGb2EybEhPWGN3UWtGUmMwWkJSRUZXVFZKTmQwVlJXVVJXVVZGRVJYZHdjbVJYU213S1kyMDFiR1JIVm5wTlFqUllSRlJGTlUxRVZYaE5SRVV5VGtSVmQwOVdiMWhFVkVrMVRVUlZkMDU2UlRKT1JGVjNUMVp2ZDBaVVJWUk5Ra1ZIUVRGVlJRcEJlRTFMWVROV2FWcFlTblZhV0ZKc1kzcERRMEZUU1hkRVVWbEtTMjlhU1doMlkwNUJVVVZDUWxGQlJHZG5SVkJCUkVORFFWRnZRMmRuUlVKQlRsSjNDakZEUVc5V2FUbDBiRXczUkhsclRUSjVXWEEyWTA1d05WQlNaVGxrWlM5alZHSjRaM1JaVUUwM1FWRTBSak5MYWxoUEwwbE9OMHBZTnk4d2REZEVXRVFLWlRKdmNIaFBVVWh1Y1ZnMEswbFhNbmhRT0ROcVpXMHhNRTVxVUhoc1F5OU5jbWRUTTNCeVNIQlhhMEpqUW05c09VbHZVVTQzYjBKYVJWWkJaRkpEYlFvMFJETnBiSFI2VWxWMloydFhlbE5QV0dOSVpFeEViME5QV0ZjMlZ6bFdiWEY0Vmt4cVNrOVFabXhXY1dkMFQxcFVWa0ZYZG1aT1dFTTRiMmgwVG1jdkNqZ3dObFZKT1ZJeGVYZ3lWREpzZVVsdFpGQkdSRU5KVDBONVRUVjROVmhEYkd0T2FYZHFSblF3VlVvMFIzSjZkekZzUkhCTlkzRkVNSGhGVVdOcmJYZ0tlazVPZFd4TlZFRmxjbWxsY0VocWJsbHFjRGhZU1RFeFFVaENlRGQyWjNOV2RFWkRUSHB2ZWpOcVdraFFhM2d2YkZRd2JHUXJNVFpxZDJsck9FWnhUd3BuVTA1VlFXRTFLekZRU1daMVYzVlVkbEpGUTBGM1JVRkJZVTFxVFVORmQwUm5XVVJXVWpCUVFWRklMMEpCVVVSQlowdHJUVUU0UjBFeFZXUkZkMFZDQ2k5M1VVWk5RVTFDUVdZNGQwUlJXVXBMYjFwSmFIWmpUa0ZSUlV4Q1VVRkVaMmRGUWtGQlRVMXdWazlRZDIwMFdIWklUMUJCWlhORlEzcEhWMmhQVDFVS1pVUktVRmRSY2tWR1MzbHNTMU5QV1cxNWFEY3phRkIwVmt0WVMzWkhZMGR2TDJ4UGNIZFNXRFV2TVZKaFQwRjNjVkI0VGtOUVdIZENkMU12ZFdKeFNBb3ZNMHBRYkdRM2JEZDVSQzkxVDJwUWFtRjBRV0Y0UW5CUmFsbEVjRUphUVhkUk1YSjJPWFF5YUU5U1ZXNURiMmMyYjBKNFVsUlNiWGhuTDNGVGVWa3JDblpxVW1Kd1FrSmhaMG8yT0RoVk9UbHFORUYxZEhaSldIRXpZVGx3V1dWNlZXaG1ObTVNVW5wTWRHaGhRMWxGUVZacFExcElVVmhsV2pGWlREaFFRVThLYTNBelNFZ3paRTk1YTJWcWFXSTRTVGRvWTJJM1ZWcDVTbTVvTWxsSE9FWTBVM1UzYWpoMFpWaExhMHBITjB4dmNtUm1jV0ZxYXpkdlZrTklhbWxqVndwcFJGa3ZZemR4ZEhkUmVraHFRa1pXU3pscGNVYzJXWGxITVVScmVtOUtVekI2T1UxVVdHZEJiblZhZVRkaVptMWtNSFZ6T1hwRmVITmpTVDBLTFMwdExTMUZUa1FnUTBWU1ZFbEdTVU5CVkVVdExTMHRMUW89JyAndGVycmFmb3JtLWVrcy1zd2FybScK",
                            "vpc_classic_link_id": "",
                            "vpc_classic_link_security_groups.#": "0"
                        },
                        "meta": {},
                        "tainted": false
                    },
                    "deposed": [],
                    "provider": "provider.aws"
                },
                "aws_route_table.swarm": {
                    "type": "aws_route_table",
                    "depends_on": [
                        "aws_internet_gateway.swarm",
                        "aws_vpc.swarm"
                    ],
                    "primary": {
                        "id": "rtb-0825f16d22c7b6dd9",
                        "attributes": {
                            "id": "rtb-0825f16d22c7b6dd9",
                            "owner_id": "344231472712",
                            "propagating_vgws.#": "0",
                            "route.#": "1",
                            "route.89450136.cidr_block": "0.0.0.0/0",
                            "route.89450136.egress_only_gateway_id": "",
                            "route.89450136.gateway_id": "igw-096c8c0c037c79dfb",
                            "route.89450136.instance_id": "",
                            "route.89450136.ipv6_cidr_block": "",
                            "route.89450136.nat_gateway_id": "",
                            "route.89450136.network_interface_id": "",
                            "route.89450136.transit_gateway_id": "",
                            "route.89450136.vpc_peering_connection_id": "",
                            "tags.%": "0",
                            "vpc_id": "vpc-07302b2d9f855effe"
                        },
                        "meta": {},
                        "tainted": false
                    },
                    "deposed": [],
                    "provider": "provider.aws"
                },
                "aws_route_table_association.swarm.0": {
                    "type": "aws_route_table_association",
                    "depends_on": [
                        "aws_route_table.swarm",
                        "aws_subnet.swarm.*"
                    ],
                    "primary": {
                        "id": "rtbassoc-08237cec213b0e9f9",
                        "attributes": {
                            "id": "rtbassoc-08237cec213b0e9f9",
                            "route_table_id": "rtb-0825f16d22c7b6dd9",
                            "subnet_id": "subnet-0a29e7ad45a441c48"
                        },
                        "meta": {},
                        "tainted": false
                    },
                    "deposed": [],
                    "provider": "provider.aws"
                },
                "aws_route_table_association.swarm.1": {
                    "type": "aws_route_table_association",
                    "depends_on": [
                        "aws_route_table.swarm",
                        "aws_subnet.swarm.*"
                    ],
                    "primary": {
                        "id": "rtbassoc-0a3dc5c94e0127ce1",
                        "attributes": {
                            "id": "rtbassoc-0a3dc5c94e0127ce1",
                            "route_table_id": "rtb-0825f16d22c7b6dd9",
                            "subnet_id": "subnet-0cec1cdb7048ef695"
                        },
                        "meta": {},
                        "tainted": false
                    },
                    "deposed": [],
                    "provider": "provider.aws"
                },
                "aws_security_group.swarm-cluster": {
                    "type": "aws_security_group",
                    "depends_on": [
                        "aws_vpc.swarm"
                    ],
                    "primary": {
                        "id": "sg-0bf572e506c3b5c40",
                        "attributes": {
                            "arn": "arn:aws:ec2:us-east-1:344231472712:security-group/sg-0bf572e506c3b5c40",
                            "description": "Cluster communication with worker nodes",
                            "egress.#": "1",
                            "egress.482069346.cidr_blocks.#": "1",
                            "egress.482069346.cidr_blocks.0": "0.0.0.0/0",
                            "egress.482069346.description": "",
                            "egress.482069346.from_port": "0",
                            "egress.482069346.ipv6_cidr_blocks.#": "0",
                            "egress.482069346.prefix_list_ids.#": "0",
                            "egress.482069346.protocol": "-1",
                            "egress.482069346.security_groups.#": "0",
                            "egress.482069346.self": "false",
                            "egress.482069346.to_port": "0",
                            "id": "sg-0bf572e506c3b5c40",
                            "ingress.#": "2",
                            "ingress.100609262.cidr_blocks.#": "1",
                            "ingress.100609262.cidr_blocks.0": "76.8.222.194/32",
                            "ingress.100609262.description": "Allow workstation to communicate with the cluster API Server",
                            "ingress.100609262.from_port": "443",
                            "ingress.100609262.ipv6_cidr_blocks.#": "0",
                            "ingress.100609262.prefix_list_ids.#": "0",
                            "ingress.100609262.protocol": "tcp",
                            "ingress.100609262.security_groups.#": "0",
                            "ingress.100609262.self": "false",
                            "ingress.100609262.to_port": "443",
                            "ingress.3469721897.cidr_blocks.#": "0",
                            "ingress.3469721897.description": "Allow pods to communicate with the cluster API Server",
                            "ingress.3469721897.from_port": "443",
                            "ingress.3469721897.ipv6_cidr_blocks.#": "0",
                            "ingress.3469721897.prefix_list_ids.#": "0",
                            "ingress.3469721897.protocol": "tcp",
                            "ingress.3469721897.security_groups.#": "1",
                            "ingress.3469721897.security_groups.3632660917": "sg-0103466deeae74434",
                            "ingress.3469721897.self": "false",
                            "ingress.3469721897.to_port": "443",
                            "name": "terraform-eks-swarm-cluster",
                            "owner_id": "344231472712",
                            "revoke_rules_on_delete": "false",
                            "tags.%": "1",
                            "tags.Name": "terraform-eks-swarm",
                            "vpc_id": "vpc-07302b2d9f855effe"
                        },
                        "meta": {
                            "e2bfb730-ecaa-11e6-8f88-34363bc7c4c0": {
                                "create": 600000000000,
                                "delete": 600000000000
                            },
                            "schema_version": "1"
                        },
                        "tainted": false
                    },
                    "deposed": [],
                    "provider": "provider.aws"
                },
                "aws_security_group.swarm-node": {
                    "type": "aws_security_group",
                    "depends_on": [
                        "aws_vpc.swarm"
                    ],
                    "primary": {
                        "id": "sg-0103466deeae74434",
                        "attributes": {
                            "arn": "arn:aws:ec2:us-east-1:344231472712:security-group/sg-0103466deeae74434",
                            "description": "Security group for all nodes in the cluster",
                            "egress.#": "1",
                            "egress.482069346.cidr_blocks.#": "1",
                            "egress.482069346.cidr_blocks.0": "0.0.0.0/0",
                            "egress.482069346.description": "",
                            "egress.482069346.from_port": "0",
                            "egress.482069346.ipv6_cidr_blocks.#": "0",
                            "egress.482069346.prefix_list_ids.#": "0",
                            "egress.482069346.protocol": "-1",
                            "egress.482069346.security_groups.#": "0",
                            "egress.482069346.self": "false",
                            "egress.482069346.to_port": "0",
                            "id": "sg-0103466deeae74434",
                            "ingress.#": "2",
                            "ingress.2278689831.cidr_blocks.#": "0",
                            "ingress.2278689831.description": "Allow node to communicate with each other",
                            "ingress.2278689831.from_port": "0",
                            "ingress.2278689831.ipv6_cidr_blocks.#": "0",
                            "ingress.2278689831.prefix_list_ids.#": "0",
                            "ingress.2278689831.protocol": "-1",
                            "ingress.2278689831.security_groups.#": "0",
                            "ingress.2278689831.self": "true",
                            "ingress.2278689831.to_port": "0",
                            "ingress.467811715.cidr_blocks.#": "0",
                            "ingress.467811715.description": "Allow worker Kubelets and pods to receive communication from the cluster control plane",
                            "ingress.467811715.from_port": "1025",
                            "ingress.467811715.ipv6_cidr_blocks.#": "0",
                            "ingress.467811715.prefix_list_ids.#": "0",
                            "ingress.467811715.protocol": "tcp",
                            "ingress.467811715.security_groups.#": "1",
                            "ingress.467811715.security_groups.2739159133": "sg-0bf572e506c3b5c40",
                            "ingress.467811715.self": "false",
                            "ingress.467811715.to_port": "65535",
                            "name": "terraform-eks-swarm-node",
                            "owner_id": "344231472712",
                            "revoke_rules_on_delete": "false",
                            "tags.%": "2",
                            "tags.Name": "terraform-eks-swarm-node",
                            "tags.kubernetes.io/cluster/terraform-eks-swarm": "owned",
                            "vpc_id": "vpc-07302b2d9f855effe"
                        },
                        "meta": {
                            "e2bfb730-ecaa-11e6-8f88-34363bc7c4c0": {
                                "create": 600000000000,
                                "delete": 600000000000
                            },
                            "schema_version": "1"
                        },
                        "tainted": false
                    },
                    "deposed": [],
                    "provider": "provider.aws"
                },
                "aws_security_group_rule.swarm-cluster-ingress-node-https": {
                    "type": "aws_security_group_rule",
                    "depends_on": [
                        "aws_security_group.swarm-cluster",
                        "aws_security_group.swarm-node"
                    ],
                    "primary": {
                        "id": "sgrule-4217200215",
                        "attributes": {
                            "cidr_blocks.#": "0",
                            "description": "Allow pods to communicate with the cluster API Server",
                            "from_port": "443",
                            "id": "sgrule-4217200215",
                            "ipv6_cidr_blocks.#": "0",
                            "prefix_list_ids.#": "0",
                            "protocol": "tcp",
                            "security_group_id": "sg-0bf572e506c3b5c40",
                            "self": "false",
                            "source_security_group_id": "sg-0103466deeae74434",
                            "to_port": "443",
                            "type": "ingress"
                        },
                        "meta": {
                            "schema_version": "2"
                        },
                        "tainted": false
                    },
                    "deposed": [],
                    "provider": "provider.aws"
                },
                "aws_security_group_rule.swarm-cluster-ingress-workstation-https": {
                    "type": "aws_security_group_rule",
                    "depends_on": [
                        "aws_security_group.swarm-cluster",
                        "local.workstation-external-cidr"
                    ],
                    "primary": {
                        "id": "sgrule-72644853",
                        "attributes": {
                            "cidr_blocks.#": "1",
                            "cidr_blocks.0": "76.8.222.194/32",
                            "description": "Allow workstation to communicate with the cluster API Server",
                            "from_port": "443",
                            "id": "sgrule-72644853",
                            "ipv6_cidr_blocks.#": "0",
                            "prefix_list_ids.#": "0",
                            "protocol": "tcp",
                            "security_group_id": "sg-0bf572e506c3b5c40",
                            "self": "false",
                            "to_port": "443",
                            "type": "ingress"
                        },
                        "meta": {
                            "schema_version": "2"
                        },
                        "tainted": false
                    },
                    "deposed": [],
                    "provider": "provider.aws"
                },
                "aws_security_group_rule.swarm-node-ingress-cluster": {
                    "type": "aws_security_group_rule",
                    "depends_on": [
                        "aws_security_group.swarm-cluster",
                        "aws_security_group.swarm-node"
                    ],
                    "primary": {
                        "id": "sgrule-4023377263",
                        "attributes": {
                            "cidr_blocks.#": "0",
                            "description": "Allow worker Kubelets and pods to receive communication from the cluster control plane",
                            "from_port": "1025",
                            "id": "sgrule-4023377263",
                            "ipv6_cidr_blocks.#": "0",
                            "prefix_list_ids.#": "0",
                            "protocol": "tcp",
                            "security_group_id": "sg-0103466deeae74434",
                            "self": "false",
                            "source_security_group_id": "sg-0bf572e506c3b5c40",
                            "to_port": "65535",
                            "type": "ingress"
                        },
                        "meta": {
                            "schema_version": "2"
                        },
                        "tainted": false
                    },
                    "deposed": [],
                    "provider": "provider.aws"
                },
                "aws_security_group_rule.swarm-node-ingress-self": {
                    "type": "aws_security_group_rule",
                    "depends_on": [
                        "aws_security_group.swarm-node"
                    ],
                    "primary": {
                        "id": "sgrule-1316349669",
                        "attributes": {
                            "cidr_blocks.#": "0",
                            "description": "Allow node to communicate with each other",
                            "from_port": "0",
                            "id": "sgrule-1316349669",
                            "ipv6_cidr_blocks.#": "0",
                            "prefix_list_ids.#": "0",
                            "protocol": "-1",
                            "security_group_id": "sg-0103466deeae74434",
                            "self": "false",
                            "source_security_group_id": "sg-0103466deeae74434",
                            "to_port": "0",
                            "type": "ingress"
                        },
                        "meta": {
                            "schema_version": "2"
                        },
                        "tainted": false
                    },
                    "deposed": [],
                    "provider": "provider.aws"
                },
                "aws_security_group_rule.swarm-node-ingress-socket": {
                    "type": "aws_security_group_rule",
                    "depends_on": [
                        "aws_security_group.swarm-node"
                    ],
                    "primary": {
                        "id": "sgrule-3057226625",
                        "attributes": {
                            "cidr_blocks.#": "1",
                            "cidr_blocks.0": "0.0.0.0/0",
                            "description": "Allow external access to the socket",
                            "from_port": "8546",
                            "id": "sgrule-3057226625",
                            "protocol": "-1",
                            "security_group_id": "sg-0103466deeae74434",
                            "self": "false",
                            "to_port": "8546",
                            "type": "ingress"
                        },
                        "meta": {
                            "schema_version": "2"
                        },
                        "tainted": false
                    },
                    "deposed": [],
                    "provider": "provider.aws"
                },
                "aws_subnet.swarm.0": {
                    "type": "aws_subnet",
                    "depends_on": [
                        "aws_vpc.swarm",
                        "data.aws_availability_zones.available"
                    ],
                    "primary": {
                        "id": "subnet-0a29e7ad45a441c48",
                        "attributes": {
                            "arn": "arn:aws:ec2:us-east-1:344231472712:subnet/subnet-0a29e7ad45a441c48",
                            "assign_ipv6_address_on_creation": "false",
                            "availability_zone": "us-east-1a",
                            "availability_zone_id": "use1-az2",
                            "cidr_block": "10.0.0.0/24",
                            "id": "subnet-0a29e7ad45a441c48",
                            "ipv6_cidr_block": "",
                            "ipv6_cidr_block_association_id": "",
                            "map_public_ip_on_launch": "false",
                            "owner_id": "344231472712",
                            "tags.%": "2",
                            "tags.Name": "terraform-eks-swarm-node",
                            "tags.kubernetes.io/cluster/terraform-eks-swarm": "shared",
                            "vpc_id": "vpc-07302b2d9f855effe"
                        },
                        "meta": {
                            "e2bfb730-ecaa-11e6-8f88-34363bc7c4c0": {
                                "create": 600000000000,
                                "delete": 600000000000
                            },
                            "schema_version": "1"
                        },
                        "tainted": false
                    },
                    "deposed": [],
                    "provider": "provider.aws"
                },
                "aws_subnet.swarm.1": {
                    "type": "aws_subnet",
                    "depends_on": [
                        "aws_vpc.swarm",
                        "data.aws_availability_zones.available"
                    ],
                    "primary": {
                        "id": "subnet-0cec1cdb7048ef695",
                        "attributes": {
                            "arn": "arn:aws:ec2:us-east-1:344231472712:subnet/subnet-0cec1cdb7048ef695",
                            "assign_ipv6_address_on_creation": "false",
                            "availability_zone": "us-east-1b",
                            "availability_zone_id": "use1-az4",
                            "cidr_block": "10.0.1.0/24",
                            "id": "subnet-0cec1cdb7048ef695",
                            "ipv6_cidr_block": "",
                            "ipv6_cidr_block_association_id": "",
                            "map_public_ip_on_launch": "false",
                            "owner_id": "344231472712",
                            "tags.%": "2",
                            "tags.Name": "terraform-eks-swarm-node",
                            "tags.kubernetes.io/cluster/terraform-eks-swarm": "shared",
                            "vpc_id": "vpc-07302b2d9f855effe"
                        },
                        "meta": {
                            "e2bfb730-ecaa-11e6-8f88-34363bc7c4c0": {
                                "create": 600000000000,
                                "delete": 600000000000
                            },
                            "schema_version": "1"
                        },
                        "tainted": false
                    },
                    "deposed": [],
                    "provider": "provider.aws"
                },
                "aws_vpc.swarm": {
                    "type": "aws_vpc",
                    "depends_on": [],
                    "primary": {
                        "id": "vpc-07302b2d9f855effe",
                        "attributes": {
                            "arn": "arn:aws:ec2:us-east-1:344231472712:vpc/vpc-07302b2d9f855effe",
                            "assign_generated_ipv6_cidr_block": "false",
                            "cidr_block": "10.0.0.0/16",
                            "default_network_acl_id": "acl-0f66b0a0588c12ecb",
                            "default_route_table_id": "rtb-0bc467e9a3ec6e219",
                            "default_security_group_id": "sg-03444911e54b56d9f",
                            "dhcp_options_id": "dopt-ac3ebfd7",
                            "enable_classiclink": "false",
                            "enable_classiclink_dns_support": "false",
                            "enable_dns_hostnames": "false",
                            "enable_dns_support": "true",
                            "id": "vpc-07302b2d9f855effe",
                            "instance_tenancy": "default",
                            "ipv6_association_id": "",
                            "ipv6_cidr_block": "",
                            "main_route_table_id": "rtb-0bc467e9a3ec6e219",
                            "owner_id": "344231472712",
                            "tags.%": "2",
                            "tags.Name": "terraform-eks-swarm-node",
                            "tags.kubernetes.io/cluster/terraform-eks-swarm": "shared"
                        },
                        "meta": {
                            "schema_version": "1"
                        },
                        "tainted": false
                    },
                    "deposed": [],
                    "provider": "provider.aws"
                },
                "data.aws_ami.eks-worker": {
                    "type": "aws_ami",
                    "depends_on": [
                        "aws_eks_cluster.swarm"
                    ],
                    "primary": {
                        "id": "ami-0abcb9f9190e867ab",
                        "attributes": {
                            "architecture": "x86_64",
                            "block_device_mappings.#": "1",
                            "block_device_mappings.3798922657.device_name": "/dev/xvda",
                            "block_device_mappings.3798922657.ebs.%": "6",
                            "block_device_mappings.3798922657.ebs.delete_on_termination": "true",
                            "block_device_mappings.3798922657.ebs.encrypted": "false",
                            "block_device_mappings.3798922657.ebs.iops": "0",
                            "block_device_mappings.3798922657.ebs.snapshot_id": "snap-002185798118ef545",
                            "block_device_mappings.3798922657.ebs.volume_size": "20",
                            "block_device_mappings.3798922657.ebs.volume_type": "gp2",
                            "block_device_mappings.3798922657.no_device": "",
                            "block_device_mappings.3798922657.virtual_name": "",
                            "creation_date": "2019-03-30T00:32:52.000Z",
                            "description": "EKS Kubernetes Worker AMI with AmazonLinux2 image (k8s: 1.12.7/2019-03-27/bin/linux/amd64, docker:18.06)",
                            "filter.#": "1",
                            "filter.3458727952.name": "name",
                            "filter.3458727952.values.#": "1",
                            "filter.3458727952.values.0": "amazon-eks-node-1.12-v*",
                            "hypervisor": "xen",
                            "id": "ami-0abcb9f9190e867ab",
                            "image_id": "ami-0abcb9f9190e867ab",
                            "image_location": "amazon/amazon-eks-node-1.12-v20190329",
                            "image_owner_alias": "amazon",
                            "image_type": "machine",
                            "most_recent": "true",
                            "name": "amazon-eks-node-1.12-v20190329",
                            "owner_id": "602401143452",
                            "owners.#": "1",
                            "owners.0": "602401143452",
                            "product_codes.#": "0",
                            "public": "true",
                            "root_device_name": "/dev/xvda",
                            "root_device_type": "ebs",
                            "root_snapshot_id": "snap-002185798118ef545",
                            "sriov_net_support": "simple",
                            "state": "available",
                            "state_reason.%": "2",
                            "state_reason.code": "UNSET",
                            "state_reason.message": "UNSET",
                            "tags.%": "0",
                            "virtualization_type": "hvm"
                        },
                        "meta": {},
                        "tainted": false
                    },
                    "deposed": [],
                    "provider": "provider.aws"
                },
                "data.aws_availability_zones.available": {
                    "type": "aws_availability_zones",
                    "depends_on": [],
                    "primary": {
                        "id": "2019-05-10 16:53:52.982336 +0000 UTC",
                        "attributes": {
                            "id": "2019-05-10 16:53:52.982336 +0000 UTC",
                            "names.#": "6",
                            "names.0": "us-east-1a",
                            "names.1": "us-east-1b",
                            "names.2": "us-east-1c",
                            "names.3": "us-east-1d",
                            "names.4": "us-east-1e",
                            "names.5": "us-east-1f",
                            "zone_ids.#": "6",
                            "zone_ids.0": "use1-az2",
                            "zone_ids.1": "use1-az4",
                            "zone_ids.2": "use1-az6",
                            "zone_ids.3": "use1-az1",
                            "zone_ids.4": "use1-az3",
                            "zone_ids.5": "use1-az5"
                        },
                        "meta": {},
                        "tainted": false
                    },
                    "deposed": [],
                    "provider": "provider.aws"
                },
                "data.aws_region.current": {
                    "type": "aws_region",
                    "depends_on": [],
                    "primary": {
                        "id": "us-east-1",
                        "attributes": {
                            "description": "US East (N. Virginia)",
                            "endpoint": "ec2.us-east-1.amazonaws.com",
                            "id": "us-east-1",
                            "name": "us-east-1"
                        },
                        "meta": {},
                        "tainted": false
                    },
                    "deposed": [],
                    "provider": "provider.aws"
                },
                "data.http.workstation-external-ip": {
                    "type": "http",
                    "depends_on": [],
                    "primary": {
                        "id": "2019-05-10 16:53:50.967315 +0000 UTC",
                        "attributes": {
                            "body": "76.8.222.194\n",
                            "id": "2019-05-10 16:53:50.967315 +0000 UTC",
                            "url": "http://ipv4.icanhazip.com"
                        },
                        "meta": {},
                        "tainted": false
                    },
                    "deposed": [],
                    "provider": "provider.http"
                }
            },
            "depends_on": []
        }
    ]
}
